
Microsoft Visual Studio Solution File, Format Version 12.00
# Visual Studio Version 16
VisualStudioVersion = 16.0.30114.105
MinimumVisualStudioVersion = 10.0.40219.1
Project("{2150E333-8FDC-42A3-9474-1A3956D46DE8}") = "src", "src", "{97AA23F5-E722-42C4-8ABD-26458B3960B4}"
EndProject
Project("{FAE04EC0-301F-11D3-BF4B-00C04F79EFBC}") = "MinimalApi", "src\MinimalApi\MinimalApi.csproj", "{24C745C7-CF6D-4A58-8B91-0B53008816E3}"
EndProject
Global
	GlobalSection(SolutionConfigurationPlatforms) = preSolution
		Debug|Any CPU = Debug|Any CPU
		Release|Any CPU = Release|Any CPU
	EndGlobalSection
	GlobalSection(SolutionProperties) = preSolution
		HideSolutionNode = FALSE
	EndGlobalSection
	GlobalSection(ProjectConfigurationPlatforms) = postSolution
		{24C745C7-CF6D-4A58-8B91-0B53008816E3}.Debug|Any CPU.ActiveCfg = Debug|Any CPU
		{24C745C7-CF6D-4A58-8B91-0B53008816E3}.Debug|Any CPU.Build.0 = Debug|Any CPU
		{24C745C7-CF6D-4A58-8B91-0B53008816E3}.Release|Any CPU.ActiveCfg = Release|Any CPU
		{24C745C7-CF6D-4A58-8B91-0B53008816E3}.Release|Any CPU.Build.0 = Release|Any CPU
	EndGlobalSection
	GlobalSection(NestedProjects) = preSolution
		{24C745C7-CF6D-4A58-8B91-0B53008816E3} = {97AA23F5-E722-42C4-8ABD-26458B3960B4}
	EndGlobalSection
EndGlobal
